
Microsoft Visual Studio Solution File, Format Version 12.00
# Visual Studio Version 17
VisualStudioVersion = 17.2.32616.157
MinimumVisualStudioVersion = 10.0.40219.1
Project("{9A19103F-16F7-4668-BE54-9A1E7A4F7556}") = "BleachMod", "BleachMod.csproj", "{F07A3473-7601-4D06-BC67-FA0723D1CE17}"
EndProject
Global
	GlobalSection(SolutionConfigurationPlatforms) = preSolution
		Debug|Any CPU = Debug|Any CPU
		Release|Any CPU = Release|Any CPU
	EndGlobalSection
	GlobalSection(ProjectConfigurationPlatforms) = postSolution
		{F07A3473-7601-4D06-BC67-FA0723D1CE17}.Debug|Any CPU.ActiveCfg = Debug|Any CPU
		{F07A3473-7601-4D06-BC67-FA0723D1CE17}.Debug|Any CPU.Build.0 = Debug|Any CPU
		{F07A3473-7601-4D06-BC67-FA0723D1CE17}.Release|Any CPU.ActiveCfg = Release|Any CPU
		{F07A3473-7601-4D06-BC67-FA0723D1CE17}.Release|Any CPU.Build.0 = Release|Any CPU
	EndGlobalSection
	GlobalSection(SolutionProperties) = preSolution
		HideSolutionNode = FALSE
	EndGlobalSection
	GlobalSection(ExtensibilityGlobals) = postSolution
		SolutionGuid = {82B02909-449E-4FD2-9741-D95CD4B0E183}
	EndGlobalSection
EndGlobal
